version = 1
revision = 3
requires-python = ">=3.12"

[[package]]
name = "icu-learn1"
version = "0.1.0"
source = { editable = "." }
dependencies = [
    { name = "pyicu" },
]

[package.metadata]
requires-dist = [{ name = "pyicu", specifier = ">=2.15.2" }]

[[package]]
name = "pyicu"
version = "2.15.3"
source = { registry = "https://pypi.org/simple" }
sdist = { url = "https://files.pythonhosted.org/packages/88/b0/c8b61bac55424e2ff80e20d7251c3f002baff3c07c34cee3849e3505d8f5/pyicu-2.15.3.tar.gz", hash = "sha256:f32e78e1cb64d0aeb14f027e037a8944861d3114548818a6adf0081ef51aefc3", size = 267569, upload-time = "2025-09-15T20:58:50.936Z" }
