version = 1
revision = 3
requires-python = ">=3.12"

[[package]]
name = "icu-learn1"
version = "0.1.0"
source = { editable = "." }
dependencies = [
    { name = "pyicu" },
]

[package.metadata]
requires-dist = [{ name = "pyicu", specifier = ">=2.15.2" }]

[[package]]
name = "pyicu"
version = "2.16.1"
source = { registry = "https://pypi.org/simple" }
sdist = { url = "https://files.pythonhosted.org/packages/51/a9/b68d8fad5b830146c42f08b444c716ec50f576cbc8f01e26f4da6e89fc7a/pyicu-2.16.1.tar.gz", hash = "sha256:cafdc2bc6cfbb4b6e511dedeff37316f902af900993b576116b8243f4ad6478c", size = 268196, upload-time = "2026-02-05T23:44:41.002Z" }
